{
  "name": "duelyst",
  "version": "1.96.12",
  "lockfileVersion": 1,
  "requires": true,
  "dependencies": {
    "@counterplay/discord-rpc-nodejs": {
      "version": "1.0.15",
      "resolved": "https://registry.npmjs.org/@counterplay/discord-rpc-nodejs/-/discord-rpc-nodejs-1.0.15.tgz",
      "integrity": "sha512-/kvtpa2p1GBZpqU3kczDDjr59kRk26TPXDvStCUbIo6LYYePUOf5mNKlNiRvylWOp03He9d71Iuz9MU/FMCxzA==",
      "requires": {
        "@counterplay/ffi-prebuilt": "2.2.5",
        "@counterplay/ref-prebuilt": "1.3.8",
        "@counterplay/ref-struct-prebuilt": "1.1.1",
        "debug": "3.0.1"
      }
    },
    "@counterplay/ffi-prebuilt": {
      "version": "2.2.5",
      "resolved": "https://registry.npmjs.org/@counterplay/ffi-prebuilt/-/ffi-prebuilt-2.2.5.tgz",
      "integrity": "sha512-czJAIXBBRO+Dir+Zpbfr3zOr06w/W5NM5OXZsfku5u6FewbPHpM/enqyrWUMsX9brmS/ywTx2DaS/PqSzV+0bA==",
      "requires": {
        "@counterplay/ref-prebuilt": "1.3.8",
        "bindings": "1.2.1",
        "debug": "2.6.8",
        "nan": "2.7.0",
        "node-gyp-build": "3.2.2",
        "ref-struct": "1.1.0"
      },
      "dependencies": {
        "debug": {
          "version": "2.6.8",
          "resolved": "https://registry.npmjs.org/debug/-/debug-2.6.8.tgz",
          "integrity": "sha1-5zFTHKLt4n0YgiJCfaF4IdaP9Pw=",
          "requires": {
            "ms": "2.0.0"
          }
        }
      }
    },
    "@counterplay/ref-prebuilt": {
      "version": "1.3.8",
      "resolved": "https://registry.npmjs.org/@counterplay/ref-prebuilt/-/ref-prebuilt-1.3.8.tgz",
      "integrity": "sha512-aui5TXuNkcH4hZEhOXUU+FbWDiQmOcqGXle0oRCplFU++jZb7IiAyUyls55eNaS2gi7T6azyfJe/kj/trBgBAw==",
      "requires": {
        "bindings": "1.2.1",
        "debug": "2.6.8",
        "nan": "2.7.0",
        "node-gyp-build": "3.2.2"
      },
      "dependencies": {
        "debug": {
          "version": "2.6.8",
          "resolved": "https://registry.npmjs.org/debug/-/debug-2.6.8.tgz",
          "integrity": "sha1-5zFTHKLt4n0YgiJCfaF4IdaP9Pw=",
          "requires": {
            "ms": "2.0.0"
          }
        }
      }
    },
    "@counterplay/ref-struct-prebuilt": {
      "version": "1.1.1",
      "resolved": "https://registry.npmjs.org/@counterplay/ref-struct-prebuilt/-/ref-struct-prebuilt-1.1.1.tgz",
      "integrity": "sha512-ddLonlagecYgoNHW0WCvr2TzkSHYfj57dUOTB0vJPUoNlHq6PyLYjLQDqhCz1O0K8T353ZozvHNm7UO+0r62Nw==",
      "requires": {
        "@counterplay/ref-prebuilt": "1.3.8",
        "debug": "2.6.8"
      },
      "dependencies": {
        "debug": {
          "version": "2.6.8",
          "resolved": "https://registry.npmjs.org/debug/-/debug-2.6.8.tgz",
          "integrity": "sha1-5zFTHKLt4n0YgiJCfaF4IdaP9Pw=",
          "requires": {
            "ms": "2.0.0"
          }
        }
      }
    },
    "accessibility-developer-tools": {
      "version": "2.12.0",
      "resolved": "https://registry.npmjs.org/accessibility-developer-tools/-/accessibility-developer-tools-2.12.0.tgz",
      "integrity": "sha1-PaDM6dbsY3OWS4TzXbfPw996tRQ=",
      "dev": true
    },
    "bindings": {
      "version": "1.2.1",
      "resolved": "https://registry.npmjs.org/bindings/-/bindings-1.2.1.tgz",
      "integrity": "sha1-FK1hE4EtLTfXLme0ystLtyZQXxE="
    },
    "debug": {
      "version": "3.0.1",
      "resolved": "https://registry.npmjs.org/debug/-/debug-3.0.1.tgz",
      "integrity": "sha512-6nVc6S36qbt/mutyt+UGMnawAMrPDZUPQjRZI3FS9tCtDRhvxJbK79unYBLPi+z5SLXQ3ftoVBFCblQtNSls8w==",
      "requires": {
        "ms": "2.0.0"
      }
    },
    "devtron": {
      "version": "1.4.0",
      "resolved": "https://registry.npmjs.org/devtron/-/devtron-1.4.0.tgz",
      "integrity": "sha1-tedIvW6Vu+cL/MaKrm/mlhGUQeE=",
      "dev": true,
      "requires": {
        "accessibility-developer-tools": "^2.11.0",
        "highlight.js": "^9.3.0",
        "humanize-plus": "^1.8.1"
      }
    },
    "electron-debug": {
      "version": "1.0.0",
      "resolved": "https://registry.npmjs.org/electron-debug/-/electron-debug-1.0.0.tgz",
      "integrity": "sha1-4di/pJM3hRBO52MhTO4lHXbJuOU=",
      "requires": {
        "electron-is-dev": "0.1.2",
        "electron-localshortcut": "0.6.1"
      }
    },
    "electron-is-dev": {
      "version": "0.1.2",
      "resolved": "https://registry.npmjs.org/electron-is-dev/-/electron-is-dev-0.1.2.tgz",
      "integrity": "sha1-ihBD4ys6HaHD9VPc4oznZCRhZ+M="
    },
    "electron-localshortcut": {
      "version": "0.6.1",
      "resolved": "https://registry.npmjs.org/electron-localshortcut/-/electron-localshortcut-0.6.1.tgz",
      "integrity": "sha1-xOJow4puQvQN5WGPyQbR7WCPEao="
    },
    "electron-window": {
      "version": "0.8.1",
      "resolved": "https://registry.npmjs.org/electron-window/-/electron-window-0.8.1.tgz",
      "integrity": "sha1-FsoYfrSHCwZ5J0/IKZxZYOarLF4=",
      "requires": {
        "is-electron-renderer": "2.0.1"
      }
    },
    "highlight.js": {
      "version": "9.18.1",
      "resolved": "https://registry.npmjs.org/highlight.js/-/highlight.js-9.18.1.tgz",
      "integrity": "sha512-OrVKYz70LHsnCgmbXctv/bfuvntIKDz177h0Co37DQ5jamGZLVmoCVMtjMtNZY3X9DrCcKfklHPNeA0uPZhSJg==",
      "dev": true
    },
    "humanize-plus": {
      "version": "1.8.2",
      "resolved": "https://registry.npmjs.org/humanize-plus/-/humanize-plus-1.8.2.tgz",
      "integrity": "sha1-pls0RZrWNnrbs3B6gqPJ+RYWcDA=",
      "dev": true
    },
    "is-electron-renderer": {
      "version": "2.0.1",
      "resolved": "https://registry.npmjs.org/is-electron-renderer/-/is-electron-renderer-2.0.1.tgz",
      "integrity": "sha1-pGnQVvl1aXxYyYxgI+sKp5r4laI="
    },
    "lodash.debounce": {
      "version": "4.0.8",
      "resolved": "https://registry.npmjs.org/lodash.debounce/-/lodash.debounce-4.0.8.tgz",
      "integrity": "sha1-gteb/zCmfEAF/9XiUVMArZyk168="
    },
    "macos-release": {
      "version": "1.1.0",
      "resolved": "https://registry.npmjs.org/macos-release/-/macos-release-1.1.0.tgz",
      "integrity": "sha512-mmLbumEYMi5nXReB9js3WGsB8UE6cDBWyIO62Z4DNx6GbRhDxHNjA1MlzSpJ2S2KM1wyiPRA0d19uHWYYvMHjA=="
    },
    "minimist": {
      "version": "1.2.2",
      "resolved": "https://registry.npmjs.org/minimist/-/minimist-1.2.2.tgz",
      "integrity": "sha512-rIqbOrKb8GJmx/5bc2M0QchhUouMXSpd1RTclXsB41JdL+VtnojfaJR+h7F9k18/4kHUsBFgk80Uk+q569vjPA=="
    },
    "ms": {
      "version": "2.0.0",
      "resolved": "https://registry.npmjs.org/ms/-/ms-2.0.0.tgz",
      "integrity": "sha1-VgiurfwAvmwpAd9fmGF4jeDVl8g="
    },
    "nan": {
      "version": "2.7.0",
      "resolved": "https://registry.npmjs.org/nan/-/nan-2.7.0.tgz",
      "integrity": "sha1-2Vv3IeyHfgjbJ27T/G63j5CDrUY="
    },
    "node-gyp-build": {
      "version": "3.2.2",
      "resolved": "https://registry.npmjs.org/node-gyp-build/-/node-gyp-build-3.2.2.tgz",
      "integrity": "sha512-t8W/0UqFGl1c+5ORA3NoT3npU+PxWBL9iPhY7ZySSTszodj3RWexmu8niayWBE0v+0DLARvOXsjaAvfmSEQOyQ=="
    },
    "node-uuid": {
      "version": "1.4.8",
      "resolved": "https://registry.npmjs.org/node-uuid/-/node-uuid-1.4.8.tgz",
      "integrity": "sha1-sEDrCSOWivq/jTL7HxfxFn/auQc="
    },
    "open": {
      "version": "0.0.5",
      "resolved": "https://registry.npmjs.org/open/-/open-0.0.5.tgz",
      "integrity": "sha1-QsPhjslUZra/DcQvOilFw/DK2Pw="
    },
    "os-name": {
      "version": "2.0.1",
      "resolved": "https://registry.npmjs.org/os-name/-/os-name-2.0.1.tgz",
      "integrity": "sha1-uaOGNhwXrjohc27wWZQFyajF3F4=",
      "requires": {
        "macos-release": "1.1.0",
        "win-release": "1.1.1"
      }
    },
    "ref": {
      "version": "1.3.5",
      "resolved": "https://registry.npmjs.org/ref/-/ref-1.3.5.tgz",
      "integrity": "sha512-2cBCniTtxcGUjDpvFfVpw323a83/0RLSGJJY5l5lcomZWhYpU2cuLdsvYqMixvsdLJ9+sTdzEkju8J8ZHDM2nA==",
      "requires": {
        "bindings": "1.2.1",
        "debug": "2.6.8",
        "nan": "2.7.0"
      },
      "dependencies": {
        "debug": {
          "version": "2.6.8",
          "resolved": "https://registry.npmjs.org/debug/-/debug-2.6.8.tgz",
          "integrity": "sha1-5zFTHKLt4n0YgiJCfaF4IdaP9Pw=",
          "requires": {
            "ms": "2.0.0"
          }
        }
      }
    },
    "ref-struct": {
      "version": "1.1.0",
      "resolved": "https://registry.npmjs.org/ref-struct/-/ref-struct-1.1.0.tgz",
      "integrity": "sha1-XV7mWtQc78Olxf60BYcmHkee3BM=",
      "requires": {
        "debug": "2.6.8",
        "ref": "1.3.5"
      },
      "dependencies": {
        "debug": {
          "version": "2.6.8",
          "resolved": "https://registry.npmjs.org/debug/-/debug-2.6.8.tgz",
          "integrity": "sha1-5zFTHKLt4n0YgiJCfaF4IdaP9Pw=",
          "requires": {
            "ms": "2.0.0"
          }
        }
      }
    },
    "semver": {
      "version": "5.4.1",
      "resolved": "https://registry.npmjs.org/semver/-/semver-5.4.1.tgz",
      "integrity": "sha512-WfG/X9+oATh81XtllIo/I8gOiY9EXRdv1cQdyykeXK17YcUW3EXUAi2To4pcH6nZtJPr7ZOpM5OMyWJZm+8Rsg=="
    },
    "win-release": {
      "version": "1.1.1",
      "resolved": "https://registry.npmjs.org/win-release/-/win-release-1.1.1.tgz",
      "integrity": "sha1-X6VeAr58qTTt/BJmVjLoSbcuUgk=",
      "requires": {
        "semver": "5.4.1"
      }
    }
  }
}
